// !$*UTF8*$!
{
	archiveVersion = 1;
	classes = {
	};
	objectVersion = 50;
	objects = {

/* Begin PBXBuildFile section */
		4317C7B122076F9500DD287A /* AppDelegate.swift in Sources */ = {isa = PBXBuildFile; fileRef = 4317C7B022076F9500DD287A /* AppDelegate.swift */; };
		4317C7B322076F9500DD287A /* DoerListViewController.swift in Sources */ = {isa = PBXBuildFile; fileRef = 4317C7B222076F9500DD287A /* DoerListViewController.swift */; };
		4317C7B622076F9500DD287A /* Main.storyboard in Resources */ = {isa = PBXBuildFile; fileRef = 4317C7B422076F9500DD287A /* Main.storyboard */; };
		4317C7B822076F9700DD287A /* Assets.xcassets in Resources */ = {isa = PBXBuildFile; fileRef = 4317C7B722076F9700DD287A /* Assets.xcassets */; };
		4317C7BB22076F9700DD287A /* LaunchScreen.storyboard in Resources */ = {isa = PBXBuildFile; fileRef = 4317C7B922076F9700DD287A /* LaunchScreen.storyboard */; };
		4317C7CA2207CB3500DD287A /* DataModel.xcdatamodeld in Sources */ = {isa = PBXBuildFile; fileRef = 4317C7C82207CB3500DD287A /* DataModel.xcdatamodeld */; };
		4317C7ED2207DE3B00DD287A /* CategoryViewController.swift in Sources */ = {isa = PBXBuildFile; fileRef = 4317C7EC2207DE3B00DD287A /* CategoryViewController.swift */; };
/* End PBXBuildFile section */

/* Begin PBXFileReference section */
		4317C7AD22076F9500DD287A /* DOER.app */ = {isa = PBXFileReference; explicitFileType = wrapper.application; includeInIndex = 0; path = DOER.app; sourceTree = BUILT_PRODUCTS_DIR; };
		4317C7B022076F9500DD287A /* AppDelegate.swift */ = {isa = PBXFileReference; lastKnownFileType = sourcecode.swift; path = AppDelegate.swift; sourceTree = "<group>"; };
		4317C7B222076F9500DD287A /* DoerListViewController.swift */ = {isa = PBXFileReference; lastKnownFileType = sourcecode.swift; path = DoerListViewController.swift; sourceTree = "<group>"; };
		4317C7B522076F9500DD287A /* Base */ = {isa = PBXFileReference; lastKnownFileType = file.storyboard; name = Base; path = Base.lproj/Main.storyboard; sourceTree = "<group>"; };
		4317C7B722076F9700DD287A /* Assets.xcassets */ = {isa = PBXFileReference; lastKnownFileType = folder.assetcatalog; path = Assets.xcassets; sourceTree = "<group>"; };
		4317C7BA22076F9700DD287A /* Base */ = {isa = PBXFileReference; lastKnownFileType = file.storyboard; name = Base; path = Base.lproj/LaunchScreen.storyboard; sourceTree = "<group>"; };
		4317C7BC22076F9800DD287A /* Info.plist */ = {isa = PBXFileReference; lastKnownFileType = text.plist.xml; path = Info.plist; sourceTree = "<group>"; };
		4317C7C92207CB3500DD287A /* DataModel.xcdatamodel */ = {isa = PBXFileReference; lastKnownFileType = wrapper.xcdatamodel; path = DataModel.xcdatamodel; sourceTree = "<group>"; };
		4317C7EC2207DE3B00DD287A /* CategoryViewController.swift */ = {isa = PBXFileReference; lastKnownFileType = sourcecode.swift; path = CategoryViewController.swift; sourceTree = "<group>"; };
/* End PBXFileReference section */

/* Begin PBXFrameworksBuildPhase section */
		4317C7AA22076F9500DD287A /* Frameworks */ = {
			isa = PBXFrameworksBuildPhase;
			buildActionMask = 2147483647;
			files = (
			);
			runOnlyForDeploymentPostprocessing = 0;
		};
/* End PBXFrameworksBuildPhase section */

/* Begin PBXGroup section */
		4317C7A422076F9500DD287A = {
			isa = PBXGroup;
			children = (
				4317C7AF22076F9500DD287A /* DOER */,
				4317C7AE22076F9500DD287A /* Products */,
			);
			sourceTree = "<group>";
		};
		4317C7AE22076F9500DD287A /* Products */ = {
			isa = PBXGroup;
			children = (
				4317C7AD22076F9500DD287A /* DOER.app */,
			);
			name = Products;
			sourceTree = "<group>";
		};
		4317C7AF22076F9500DD287A /* DOER */ = {
			isa = PBXGroup;
			children = (
				4317C7B022076F9500DD287A /* AppDelegate.swift */,
				4317C7C52207931900DD287A /* Controllers */,
				4317C7C42207930E00DD287A /* Data Model */,
				4317C7C62207932600DD287A /* Views */,
				4317C7C72207933E00DD287A /* Supporting FIles */,
				4317C7BC22076F9800DD287A /* Info.plist */,
			);
			path = DOER;
			sourceTree = "<group>";
		};
		4317C7C42207930E00DD287A /* Data Model */ = {
			isa = PBXGroup;
			children = (
				4317C7C82207CB3500DD287A /* DataModel.xcdatamodeld */,
			);
			path = "Data Model";
			sourceTree = "<group>";
		};
		4317C7C52207931900DD287A /* Controllers */ = {
			isa = PBXGroup;
			children = (
				4317C7EC2207DE3B00DD287A /* CategoryViewController.swift */,
				4317C7B222076F9500DD287A /* DoerListViewController.swift */,
			);
			path = Controllers;
			sourceTree = "<group>";
		};
		4317C7C62207932600DD287A /* Views */ = {
			isa = PBXGroup;
			children = (
				4317C7B422076F9500DD287A /* Main.storyboard */,
			);
			path = Views;
			sourceTree = "<group>";
		};
		4317C7C72207933E00DD287A /* Supporting FIles */ = {
			isa = PBXGroup;
			children = (
				4317C7B722076F9700DD287A /* Assets.xcassets */,
				4317C7B922076F9700DD287A /* LaunchScreen.storyboard */,
			);
			path = "Supporting FIles";
			sourceTree = "<group>";
		};
/* End PBXGroup section */

/* Begin PBXNativeTarget section */
		4317C7AC22076F9500DD287A /* DOER */ = {
			isa = PBXNativeTarget;
			buildConfigurationList = 4317C7BF22076F9800DD287A /* Build configuration list for PBXNativeTarget "DOER" */;
			buildPhases = (
				4317C7A922076F9500DD287A /* Sources */,
				4317C7AA22076F9500DD287A /* Frameworks */,
				4317C7AB22076F9500DD287A /* Resources */,
			);
			buildRules = (
			);
			dependencies = (
			);
			name = DOER;
			productName = DOER;
			productReference = 4317C7AD22076F9500DD287A /* DOER.app */;
			productType = "com.apple.product-type.application";
		};
/* End PBXNativeTarget section */

/* Begin PBXProject section */
		4317C7A522076F9500DD287A /* Project object */ = {
			isa = PBXProject;
			attributes = {
				LastSwiftUpdateCheck = 1010;
				LastUpgradeCheck = 1010;
				ORGANIZATIONNAME = "Alex Lee";
				TargetAttributes = {
					4317C7AC22076F9500DD287A = {
						CreatedOnToolsVersion = 10.1;
					};
				};
			};
			buildConfigurationList = 4317C7A822076F9500DD287A /* Build configuration list for PBXProject "DOER" */;
			compatibilityVersion = "Xcode 9.3";
			developmentRegion = en;
			hasScannedForEncodings = 0;
			knownRegions = (
				en,
				Base,
			);
			mainGroup = 4317C7A422076F9500DD287A;
			productRefGroup = 4317C7AE22076F9500DD287A /* Products */;
			projectDirPath = "";
			projectRoot = "";
			targets = (
				4317C7AC22076F9500DD287A /* DOER */,
			);
		};
/* End PBXProject section */

/* Begin PBXResourcesBuildPhase section */
		4317C7AB22076F9500DD287A /* Resources */ = {
			isa = PBXResourcesBuildPhase;
			buildActionMask = 2147483647;
			files = (
				4317C7BB22076F9700DD287A /* LaunchScreen.storyboard in Resources */,
				4317C7B822076F9700DD287A /* Assets.xcassets in Resources */,
				4317C7B622076F9500DD287A /* Main.storyboard in Resources */,
			);
			runOnlyForDeploymentPostprocessing = 0;
		};
/* End PBXResourcesBuildPhase section */

/* Begin PBXSourcesBuildPhase section */
		4317C7A922076F9500DD287A /* Sources */ = {
			isa = PBXSourcesBuildPhase;
			buildActionMask = 2147483647;
			files = (
				4317C7ED2207DE3B00DD287A /* CategoryViewController.swift in Sources */,
				4317C7B322076F9500DD287A /* DoerListViewController.swift in Sources */,
				4317C7CA2207CB3500DD287A /* DataModel.xcdatamodeld in Sources */,
				4317C7B122076F9500DD287A /* AppDelegate.swift in Sources */,
			);
			runOnlyForDeploymentPostprocessing = 0;
		};
/* End PBXSourcesBuildPhase section */

/* Begin PBXVariantGroup section */
		4317C7B422076F9500DD287A /* Main.storyboard */ = {
			isa = PBXVariantGroup;
			children = (
				4317C7B522076F9500DD287A /* Base */,
			);
			name = Main.storyboard;
			sourceTree = "<group>";
		};
		4317C7B922076F9700DD287A /* LaunchScreen.storyboard */ = {
			isa = PBXVariantGroup;
			children = (
				4317C7BA22076F9700DD287A /* Base */,
			);
			name = LaunchScreen.storyboard;
			sourceTree = "<group>";
		};
/* End PBXVariantGroup section */

/* Begin XCBuildConfiguration section */
		4317C7BD22076F9800DD287A /* Debug */ = {
			isa = XCBuildConfiguration;
			buildSettings = {
				ALWAYS_SEARCH_USER_PATHS = NO;
				CLANG_ANALYZER_NONNULL = YES;
				CLANG_ANALYZER_NUMBER_OBJECT_CONVERSION = YES_AGGRESSIVE;
				CLANG_CXX_LANGUAGE_STANDARD = "gnu++14";
				CLANG_CXX_LIBRARY = "libc++";
				CLANG_ENABLE_MODULES = YES;
				CLANG_ENABLE_OBJC_ARC = YES;
				CLANG_ENABLE_OBJC_WEAK = YES;
				CLANG_WARN_BLOCK_CAPTURE_AUTORELEASING = YES;
				CLANG_WARN_BOOL_CONVERSION = YES;
				CLANG_WARN_COMMA = YES;
				CLANG_WARN_CONSTANT_CONVERSION = YES;
				CLANG_WARN_DEPRECATED_OBJC_IMPLEMENTATIONS = YES;
				CLANG_WARN_DIRECT_OBJC_ISA_USAGE = YES_ERROR;
				CLANG_WARN_DOCUMENTATION_COMMENTS = YES;
				CLANG_WARN_EMPTY_BODY = YES;
				CLANG_WARN_ENUM_CONVERSION = YES;
				CLANG_WARN_INFINITE_RECURSION = YES;
				CLANG_WARN_INT_CONVERSION = YES;
				CLANG_WARN_NON_LITERAL_NULL_CONVERSION = YES;
				CLANG_WARN_OBJC_IMPLICIT_RETAIN_SELF = YES;
				CLANG_WARN_OBJC_LITERAL_CONVERSION = YES;
				CLANG_WARN_OBJC_ROOT_CLASS = YES_ERROR;
				CLANG_WARN_RANGE_LOOP_ANALYSIS = YES;
				CLANG_WARN_STRICT_PROTOTYPES = YES;
				CLANG_WARN_SUSPICIOUS_MOVE = YES;
				CLANG_WARN_UNGUARDED_AVAILABILITY = YES_AGGRESSIVE;
				CLANG_WARN_UNREACHABLE_CODE = YES;
				CLANG_WARN__DUPLICATE_METHOD_MATCH = YES;
				CODE_SIGN_IDENTITY = "iPhone Developer";
				COPY_PHASE_STRIP = NO;
				DEBUG_INFORMATION_FORMAT = dwarf;
				ENABLE_STRICT_OBJC_MSGSEND = YES;
				ENABLE_TESTABILITY = YES;
				GCC_C_LANGUAGE_STANDARD = gnu11;
				GCC_DYNAMIC_NO_PIC = NO;
				GCC_NO_COMMON_BLOCKS = YES;
				GCC_OPTIMIZATION_LEVEL = 0;
				GCC_PREPROCESSOR_DEFINITIONS = (
					"DEBUG=1",
					"$(inherited)",
				);
				GCC_WARN_64_TO_32_BIT_CONVERSION = YES;
				GCC_WARN_ABOUT_RETURN_TYPE = YES_ERROR;
				GCC_WARN_UNDECLARED_SELECTOR = YES;
				GCC_WARN_UNINITIALIZED_AUTOS = YES_AGGRESSIVE;
				GCC_WARN_UNUSED_FUNCTION = YES;
				GCC_WARN_UNUSED_VARIABLE = YES;
				IPHONEOS_DEPLOYMENT_TARGET = 12.1;
				MTL_ENABLE_DEBUG_INFO = INCLUDE_SOURCE;
				MTL_FAST_MATH = YES;
				ONLY_ACTIVE_ARCH = YES;
				SDKROOT = iphoneos;
				SWIFT_ACTIVE_COMPILATION_CONDITIONS = DEBUG;
				SWIFT_OPTIMIZATION_LEVEL = "-Onone";
			};
			name = Debug;
		};
		4317C7BE22076F9800DD287A /* Release */ = {
			isa = XCBuildConfiguration;
			buildSettings = {
				ALWAYS_SEARCH_USER_PATHS = NO;
				CLANG_ANALYZER_NONNULL = YES;
				CLANG_ANALYZER_NUMBER_OBJECT_CONVERSION = YES_AGGRESSIVE;
				CLANG_CXX_LANGUAGE_STANDARD = "gnu++14";
				CLANG_CXX_LIBRARY = "libc++";
				CLANG_ENABLE_MODULES = YES;
				CLANG_ENABLE_OBJC_ARC = YES;
				CLANG_ENABLE_OBJC_WEAK = YES;
				CLANG_WARN_BLOCK_CAPTURE_AUTORELEASING = YES;
				CLANG_WARN_BOOL_CONVERSION = YES;
				CLANG_WARN_COMMA = YES;
				CLANG_WARN_CONSTANT_CONVERSION = YES;
				CLANG_WARN_DEPRECATED_OBJC_IMPLEMENTATIONS = YES;
				CLANG_WARN_DIRECT_OBJC_ISA_USAGE = YES_ERROR;
				CLANG_WARN_DOCUMENTATION_COMMENTS = YES;
				CLANG_WARN_EMPTY_BODY = YES;
				CLANG_WARN_ENUM_CONVERSION = YES;
				CLANG_WARN_INFINITE_RECURSION = YES;
				CLANG_WARN_INT_CONVERSION = YES;
				CLANG_WARN_NON_LITERAL_NULL_CONVERSION = YES;
				CLANG_WARN_OBJC_IMPLICIT_RETAIN_SELF = YES;
				CLANG_WARN_OBJC_LITERAL_CONVERSION = YES;
				CLANG_WARN_OBJC_ROOT_CLASS = YES_ERROR;
				CLANG_WARN_RANGE_LOOP_ANALYSIS = YES;
				CLANG_WARN_STRICT_PROTOTYPES = YES;
				CLANG_WARN_SUSPICIOUS_MOVE = YES;
				CLANG_WARN_UNGUARDED_AVAILABILITY = YES_AGGRESSIVE;
				CLANG_WARN_UNREACHABLE_CODE = YES;
				CLANG_WARN__DUPLICATE_METHOD_MATCH = YES;
				CODE_SIGN_IDENTITY = "iPhone Developer";
				COPY_PHASE_STRIP = NO;
				DEBUG_INFORMATION_FORMAT = "dwarf-with-dsym";
				ENABLE_NS_ASSERTIONS = NO;
				ENABLE_STRICT_OBJC_MSGSEND = YES;
				GCC_C_LANGUAGE_STANDARD = gnu11;
				GCC_NO_COMMON_BLOCKS = YES;
				GCC_WARN_64_TO_32_BIT_CONVERSION = YES;
				GCC_WARN_ABOUT_RETURN_TYPE = YES_ERROR;
				GCC_WARN_UNDECLARED_SELECTOR = YES;
				GCC_WARN_UNINITIALIZED_AUTOS = YES_AGGRESSIVE;
				GCC_WARN_UNUSED_FUNCTION = YES;
				GCC_WARN_UNUSED_VARIABLE = YES;
				IPHONEOS_DEPLOYMENT_TARGET = 12.1;
				MTL_ENABLE_DEBUG_INFO = NO;
				MTL_FAST_MATH = YES;
				SDKROOT = iphoneos;
				SWIFT_COMPILATION_MODE = wholemodule;
				SWIFT_OPTIMIZATION_LEVEL = "-O";
				VALIDATE_PRODUCT = YES;
			};
			name = Release;
		};
		4317C7C022076F9800DD287A /* Debug */ = {
			isa = XCBuildConfiguration;
			buildSettings = {
				ASSETCATALOG_COMPILER_APPICON_NAME = AppIcon;
				CODE_SIGN_STYLE = Automatic;
				DEVELOPMENT_TEAM = BUHXN63376;
				INFOPLIST_FILE = DOER/Info.plist;
				LD_RUNPATH_SEARCH_PATHS = (
					"$(inherited)",
					"@executable_path/Frameworks",
				);
				PRODUCT_BUNDLE_IDENTIFIER = com.alexytlee.DOER;
				PRODUCT_NAME = "$(TARGET_NAME)";
				SWIFT_VERSION = 4.2;
				TARGETED_DEVICE_FAMILY = "1,2";
			};
			name = Debug;
		};
		4317C7C122076F9800DD287A /* Release */ = {
			isa = XCBuildConfiguration;
			buildSettings = {
				ASSETCATALOG_COMPILER_APPICON_NAME = AppIcon;
				CODE_SIGN_STYLE = Automatic;
				DEVELOPMENT_TEAM = BUHXN63376;
				INFOPLIST_FILE = DOER/Info.plist;
				LD_RUNPATH_SEARCH_PATHS = (
					"$(inherited)",
					"@executable_path/Frameworks",
				);
				PRODUCT_BUNDLE_IDENTIFIER = com.alexytlee.DOER;
				PRODUCT_NAME = "$(TARGET_NAME)";
				SWIFT_VERSION = 4.2;
				TARGETED_DEVICE_FAMILY = "1,2";
			};
			name = Release;
		};
/* End XCBuildConfiguration section */

/* Begin XCConfigurationList section */
		4317C7A822076F9500DD287A /* Build configuration list for PBXProject "DOER" */ = {
			isa = XCConfigurationList;
			buildConfigurations = (
				4317C7BD22076F9800DD287A /* Debug */,
				4317C7BE22076F9800DD287A /* Release */,
			);
			defaultConfigurationIsVisible = 0;
			defaultConfigurationName = Release;
		};
		4317C7BF22076F9800DD287A /* Build configuration list for PBXNativeTarget "DOER" */ = {
			isa = XCConfigurationList;
			buildConfigurations = (
				4317C7C022076F9800DD287A /* Debug */,
				4317C7C122076F9800DD287A /* Release */,
			);
			defaultConfigurationIsVisible = 0;
			defaultConfigurationName = Release;
		};
/* End XCConfigurationList section */

/* Begin XCVersionGroup section */
		4317C7C82207CB3500DD287A /* DataModel.xcdatamodeld */ = {
			isa = XCVersionGroup;
			children = (
				4317C7C92207CB3500DD287A /* DataModel.xcdatamodel */,
			);
			currentVersion = 4317C7C92207CB3500DD287A /* DataModel.xcdatamodel */;
			path = DataModel.xcdatamodeld;
			sourceTree = "<group>";
			versionGroupType = wrapper.xcdatamodel;
		};
/* End XCVersionGroup section */
	};
	rootObject = 4317C7A522076F9500DD287A /* Project object */;
}
